version = 1
requires-python = ">=3.11"

[[package]]
name = "al-ansar"
version = "0.1.0"
source = { virtual = "." }
dependencies = [
    { name = "pip" },
]

[package.metadata]
requires-dist = [{ name = "pip", specifier = ">=26.1.2" }]

[[package]]
name = "pip"
version = "26.1.2"
source = { registry = "https://pypi.org/simple" }
sdist = { url = "https://files.pythonhosted.org/packages/01/91/47e7d486260f618783899587af63ccf7980fb60245c3e63dd4571c6b57ad/pip-26.1.2.tar.gz", hash = "sha256:f49cd134c61cf2fd75e0ce2676db03e4054504a5a4986d00f8299ae632dc4605", size = 1840799 }
wheels = [
    { url = "https://files.pythonhosted.org/packages/5d/95/6b5cb3461ea5673ba0995989746db58eb18b91b54dbf331e72f569540946/pip-26.1.2-py3-none-any.whl", hash = "sha256:382ff9f685ee3bc25864f820aa50505825f10f5458ffff07e30a6d96e5715cab", size = 1813144 },
]
